
Microsoft Visual Studio Solution File, Format Version 12.00
# Visual Studio Version 18
VisualStudioVersion = 18.2.11415.280 d18.0
MinimumVisualStudioVersion = 10.0.40219.1
Project("{FAE04EC0-301F-11D3-BF4B-00C04F79EFBC}") = "MP_MeowOnlineShop", "MP_MeowOnlineShop.csproj", "{7604F916-3272-4262-A347-1D8A920A7FF6}"
EndProject
Global
	GlobalSection(SolutionConfigurationPlatforms) = preSolution
		Debug|Any CPU = Debug|Any CPU
		Release|Any CPU = Release|Any CPU
	EndGlobalSection
	GlobalSection(ProjectConfigurationPlatforms) = postSolution
		{7604F916-3272-4262-A347-1D8A920A7FF6}.Debug|Any CPU.ActiveCfg = Debug|Any CPU
		{7604F916-3272-4262-A347-1D8A920A7FF6}.Debug|Any CPU.Build.0 = Debug|Any CPU
		{7604F916-3272-4262-A347-1D8A920A7FF6}.Release|Any CPU.ActiveCfg = Release|Any CPU
		{7604F916-3272-4262-A347-1D8A920A7FF6}.Release|Any CPU.Build.0 = Release|Any CPU
	EndGlobalSection
	GlobalSection(SolutionProperties) = preSolution
		HideSolutionNode = FALSE
	EndGlobalSection
	GlobalSection(ExtensibilityGlobals) = postSolution
		SolutionGuid = {10EF42C2-CED4-4472-BA41-5DF4517448A7}
	EndGlobalSection
EndGlobal
